// !$*UTF8*$!
{
	archiveVersion = 1;
	classes = {
	};
	objectVersion = 63;
	objects = {

/* Begin PBXBuildFile section */
		1D32C2012E86BC58004855D7 /* AlarmKitViewModel.swift in Sources */ = {isa = PBXBuildFile; fileRef = 1D32C2002E86BC58004855D7 /* AlarmKitViewModel.swift */; };
		1D4770CE2E6F7177007AF563 /* smooth-alarm-clock.mp3 in Resources */ = {isa = PBXBuildFile; fileRef = 1D4770CD2E6F7177007AF563 /* smooth-alarm-clock.mp3 */; };
		1D4770CF2E6F7177007AF563 /* morning-alarm-clock.mp3 in Resources */ = {isa = PBXBuildFile; fileRef = 1D4770CC2E6F7177007AF563 /* morning-alarm-clock.mp3 */; };
		1D66484A2E6EE21E00FE86CA /* alarm-clock.mp3 in Resources */ = {isa = PBXBuildFile; fileRef = 1D6648492E6EE21E00FE86CA /* alarm-clock.mp3 */; };
		1D91A0692E855B4200D3450D /* SingleAlarmView.swift in Sources */ = {isa = PBXBuildFile; fileRef = 1D91A0682E855B4200D3450D /* SingleAlarmView.swift */; };
		1DB00CC12E52405C003DCB88 /* Mr_SleepApp.swift in Sources */ = {isa = PBXBuildFile; fileRef = 1DB00CC02E52405C003DCB88 /* Mr_SleepApp.swift */; };
		1DB00CC52E52405D003DCB88 /* Assets.xcassets in Resources */ = {isa = PBXBuildFile; fileRef = 1DB00CC42E52405D003DCB88 /* Assets.xcassets */; };
		1DB00CC82E52405D003DCB88 /* Preview Assets.xcassets in Resources */ = {isa = PBXBuildFile; fileRef = 1DB00CC72E52405D003DCB88 /* Preview Assets.xcassets */; };
		1DB00CCF2E5240B8003DCB88 /* SleepCalculator.swift in Sources */ = {isa = PBXBuildFile; fileRef = 1DB00CCE2E5240B8003DCB88 /* SleepCalculator.swift */; };
		1DB00CD02E5240C0003DCB88 /* LaunchScreen.storyboard in Resources */ = {isa = PBXBuildFile; fileRef = 1DB00CD12E5240C0003DCB88 /* LaunchScreen.storyboard */; };
		1DB00CD82E5240B8003DCB88 /* SleepGuideView.swift in Sources */ = {isa = PBXBuildFile; fileRef = 1DB00CD92E5240B8003DCB88 /* SleepGuideView.swift */; };
		1DB00CDA2E5240B8003DCB88 /* WakeUpTimeButton.swift in Sources */ = {isa = PBXBuildFile; fileRef = 1DB00CDB2E5240B8003DCB88 /* WakeUpTimeButton.swift */; };
		1DB7779A2E81270A0037CCB2 /* ItsukiAlarmManager.swift in Sources */ = {isa = PBXBuildFile; fileRef = 1DB777992E81270A0037CCB2 /* ItsukiAlarmManager.swift */; };
		1DB7779B2E81270A0037CCB2 /* AlarmKitIntents.swift in Sources */ = {isa = PBXBuildFile; fileRef = 1DB777962E81270A0037CCB2 /* AlarmKitIntents.swift */; };
		1DB7779C2E81270A0037CCB2 /* AlarmKitMetadata.swift in Sources */ = {isa = PBXBuildFile; fileRef = 1DB777972E81270A0037CCB2 /* AlarmKitMetadata.swift */; };
		1DB7779D2E81270A0037CCB2 /* AlarmKitForm.swift in Sources */ = {isa = PBXBuildFile; fileRef = 1DB777952E81270A0037CCB2 /* AlarmKitForm.swift */; };
		1DB7779E2E81270A0037CCB2 /* ItsukiAlarm.swift in Sources */ = {isa = PBXBuildFile; fileRef = 1DB777982E81270A0037CCB2 /* ItsukiAlarm.swift */; };
		5091122421F540F9B1EDC73A9B22E4BE /* WelcomeBackView.swift in Sources */ = {isa = PBXBuildFile; fileRef = C4288B103C9343A6AFB9A8C80367CA48 /* WelcomeBackView.swift */; };
/* End PBXBuildFile section */

/* Begin PBXCopyFilesBuildPhase section */
		1D4770DC2E6FE10E007AF563 /* Embed Foundation Extensions */ = {
			isa = PBXCopyFilesBuildPhase;
			buildActionMask = 2147483647;
			dstPath = "";
			dstSubfolderSpec = 13;
			files = (
			);
			name = "Embed Foundation Extensions";
			runOnlyForDeploymentPostprocessing = 0;
		};
/* End PBXCopyFilesBuildPhase section */

/* Begin PBXFileReference section */
		1D32C2002E86BC58004855D7 /* AlarmKitViewModel.swift */ = {isa = PBXFileReference; lastKnownFileType = sourcecode.swift; path = AlarmKitViewModel.swift; sourceTree = "<group>"; };
		1D4770CC2E6F7177007AF563 /* morning-alarm-clock.mp3 */ = {isa = PBXFileReference; lastKnownFileType = audio.mp3; path = "morning-alarm-clock.mp3"; sourceTree = "<group>"; };
		1D4770CD2E6F7177007AF563 /* smooth-alarm-clock.mp3 */ = {isa = PBXFileReference; lastKnownFileType = audio.mp3; path = "smooth-alarm-clock.mp3"; sourceTree = "<group>"; };
		1D6648492E6EE21E00FE86CA /* alarm-clock.mp3 */ = {isa = PBXFileReference; lastKnownFileType = audio.mp3; path = "alarm-clock.mp3"; sourceTree = "<group>"; };
		1D91A0682E855B4200D3450D /* SingleAlarmView.swift */ = {isa = PBXFileReference; lastKnownFileType = sourcecode.swift; path = SingleAlarmView.swift; sourceTree = "<group>"; };
		1DA80F902E6EDEF800662CB7 /* Mr Sleep.entitlements */ = {isa = PBXFileReference; lastKnownFileType = text.plist.entitlements; path = "Mr Sleep.entitlements"; sourceTree = "<group>"; };
		1DA80F912E6EDEF800662CB8 /* Info.plist */ = {isa = PBXFileReference; lastKnownFileType = text.plist.xml; path = Info.plist; sourceTree = "<group>"; };
		1DB00CBD2E52405C003DCB88 /* Mr Sleep.app */ = {isa = PBXFileReference; explicitFileType = wrapper.application; includeInIndex = 0; path = "Mr Sleep.app"; sourceTree = BUILT_PRODUCTS_DIR; };
		1DB00CC02E52405C003DCB88 /* Mr_SleepApp.swift */ = {isa = PBXFileReference; lastKnownFileType = sourcecode.swift; path = Mr_SleepApp.swift; sourceTree = "<group>"; };
		1DB00CC42E52405D003DCB88 /* Assets.xcassets */ = {isa = PBXFileReference; lastKnownFileType = folder.assetcatalog; path = Assets.xcassets; sourceTree = "<group>"; };
		1DB00CC72E52405D003DCB88 /* Preview Assets.xcassets */ = {isa = PBXFileReference; lastKnownFileType = folder.assetcatalog; path = "Preview Assets.xcassets"; sourceTree = "<group>"; };
		1DB00CCE2E5240B8003DCB88 /* SleepCalculator.swift */ = {isa = PBXFileReference; lastKnownFileType = sourcecode.swift; path = SleepCalculator.swift; sourceTree = "<group>"; };
		1DB00CD12E5240C0003DCB88 /* LaunchScreen.storyboard */ = {isa = PBXFileReference; lastKnownFileType = file.storyboard; path = LaunchScreen.storyboard; sourceTree = "<group>"; };
		1DB00CD92E5240B8003DCB88 /* SleepGuideView.swift */ = {isa = PBXFileReference; lastKnownFileType = sourcecode.swift; path = SleepGuideView.swift; sourceTree = "<group>"; };
		1DB00CDB2E5240B8003DCB88 /* WakeUpTimeButton.swift */ = {isa = PBXFileReference; lastKnownFileType = sourcecode.swift; path = WakeUpTimeButton.swift; sourceTree = "<group>"; };
		1DB777952E81270A0037CCB2 /* AlarmKitForm.swift */ = {isa = PBXFileReference; lastKnownFileType = sourcecode.swift; path = AlarmKitForm.swift; sourceTree = "<group>"; };
		1DB777962E81270A0037CCB2 /* AlarmKitIntents.swift */ = {isa = PBXFileReference; lastKnownFileType = sourcecode.swift; path = AlarmKitIntents.swift; sourceTree = "<group>"; };
		1DB777972E81270A0037CCB2 /* AlarmKitMetadata.swift */ = {isa = PBXFileReference; lastKnownFileType = sourcecode.swift; path = AlarmKitMetadata.swift; sourceTree = "<group>"; };
		1DB777982E81270A0037CCB2 /* ItsukiAlarm.swift */ = {isa = PBXFileReference; lastKnownFileType = sourcecode.swift; path = ItsukiAlarm.swift; sourceTree = "<group>"; };
		1DB777992E81270A0037CCB2 /* ItsukiAlarmManager.swift */ = {isa = PBXFileReference; lastKnownFileType = sourcecode.swift; path = ItsukiAlarmManager.swift; sourceTree = "<group>"; };
		C4288B103C9343A6AFB9A8C80367CA48 /* WelcomeBackView.swift */ = {isa = PBXFileReference; lastKnownFileType = sourcecode.swift; path = WelcomeBackView.swift; sourceTree = "<group>"; };
/* End PBXFileReference section */

/* Begin PBXFrameworksBuildPhase section */
		1DB00CBA2E52405C003DCB88 /* Frameworks */ = {
			isa = PBXFrameworksBuildPhase;
			buildActionMask = 2147483647;
			files = (
			);
			runOnlyForDeploymentPostprocessing = 0;
		};
/* End PBXFrameworksBuildPhase section */

/* Begin PBXGroup section */
		1DB00CB42E52405C003DCB88 = {
			isa = PBXGroup;
			children = (
				1DB00CBF2E52405C003DCB88 /* Mr Sleep */,
				1DB00CBE2E52405C003DCB88 /* Products */,
				1DB00CE02E5240B8003DCB88 /* Frameworks */,
			);
			sourceTree = "<group>";
		};
		1DB00CBE2E52405C003DCB88 /* Products */ = {
			isa = PBXGroup;
			children = (
				1DB00CBD2E52405C003DCB88 /* Mr Sleep.app */,
			);
			name = Products;
			sourceTree = "<group>";
		};
		1DB00CBF2E52405C003DCB88 /* Mr Sleep */ = {
			isa = PBXGroup;
			children = (
				1DB00CE12E71A700003DCB88 /* App */,
				1DB00CE22E71A701003DCB88 /* Views */,
				1DB00CE32E71A702003DCB88 /* Models */,
				1DB00CE42E71A703003DCB88 /* Resources */,
				1DB00CE52E71A704003DCB88 /* Supporting Files */,
				1DB00CC62E52405D003DCB88 /* Preview Content */,
			);
			path = "Mr Sleep";
			sourceTree = "<group>";
		};
		1DB00CC62E52405D003DCB88 /* Preview Content */ = {
			isa = PBXGroup;
			children = (
				1DB00CC72E52405D003DCB88 /* Preview Assets.xcassets */,
			);
			path = "Preview Content";
			sourceTree = "<group>";
		};
		1DB00CE02E5240B8003DCB88 /* Frameworks */ = {
			isa = PBXGroup;
			children = (
			);
			name = Frameworks;
			sourceTree = "<group>";
		};
		1DB00CE12E71A700003DCB88 /* App */ = {
			isa = PBXGroup;
			children = (
				1DB00CC02E52405C003DCB88 /* Mr_SleepApp.swift */,
			);
			path = App;
			sourceTree = "<group>";
		};
		1DB00CE22E71A701003DCB88 /* Views */ = {
			isa = PBXGroup;
			children = (
				1D32C2002E86BC58004855D7 /* AlarmKitViewModel.swift */,
				1DB00CE62E71A705003DCB88 /* Sleep */,
			);
			path = Views;
			sourceTree = "<group>";
		};
		1DB00CE32E71A702003DCB88 /* Models */ = {
			isa = PBXGroup;
			children = (
				1DB777952E81270A0037CCB2 /* AlarmKitForm.swift */,
				1DB777962E81270A0037CCB2 /* AlarmKitIntents.swift */,
				1DB777972E81270A0037CCB2 /* AlarmKitMetadata.swift */,
				1DB777982E81270A0037CCB2 /* ItsukiAlarm.swift */,
				1DB777992E81270A0037CCB2 /* ItsukiAlarmManager.swift */,
				1DB00CCE2E5240B8003DCB88 /* SleepCalculator.swift */,
			);
			path = Models;
			sourceTree = "<group>";
		};
		1DB00CE42E71A703003DCB88 /* Resources */ = {
			isa = PBXGroup;
			children = (
				1DB00CE92E71A708003DCB88 /* Audio */,
				1DB00CC42E52405D003DCB88 /* Assets.xcassets */,
				1DB00CD12E5240C0003DCB88 /* LaunchScreen.storyboard */,
			);
			path = Resources;
			sourceTree = "<group>";
		};
		1DB00CE52E71A704003DCB88 /* Supporting Files */ = {
			isa = PBXGroup;
			children = (
				1DA80F902E6EDEF800662CB7 /* Mr Sleep.entitlements */,
				1DA80F912E6EDEF800662CB8 /* Info.plist */,
			);
			path = "Supporting Files";
			sourceTree = "<group>";
		};
		1DB00CE62E71A705003DCB88 /* Sleep */ = {
			isa = PBXGroup;
			children = (
				1D91A0682E855B4200D3450D /* SingleAlarmView.swift */,
				C4288B103C9343A6AFB9A8C80367CA48 /* WelcomeBackView.swift */,
				1DB00CD92E5240B8003DCB88 /* SleepGuideView.swift */,
				1DB00CDB2E5240B8003DCB88 /* WakeUpTimeButton.swift */,
			);
			path = Sleep;
			sourceTree = "<group>";
		};
		1DB00CE92E71A708003DCB88 /* Audio */ = {
			isa = PBXGroup;
			children = (
				1D6648492E6EE21E00FE86CA /* alarm-clock.mp3 */,
				1D4770CC2E6F7177007AF563 /* morning-alarm-clock.mp3 */,
				1D4770CD2E6F7177007AF563 /* smooth-alarm-clock.mp3 */,
			);
			path = Audio;
			sourceTree = "<group>";
		};
/* End PBXGroup section */

/* Begin PBXNativeTarget section */
		1DB00CBC2E52405C003DCB88 /* Mr Sleep */ = {
			isa = PBXNativeTarget;
			buildConfigurationList = 1DB00CCB2E52405D003DCB88 /* Build configuration list for PBXNativeTarget "Mr Sleep" */;
			buildPhases = (
				1DB00CB92E52405C003DCB88 /* Sources */,
				1DB00CBA2E52405C003DCB88 /* Frameworks */,
				1DB00CBB2E52405C003DCB88 /* Resources */,
				1D4770DC2E6FE10E007AF563 /* Embed Foundation Extensions */,
			);
			buildRules = (
			);
			dependencies = (
			);
			name = "Mr Sleep";
			productName = "Mr Sleep";
			productReference = 1DB00CBD2E52405C003DCB88 /* Mr Sleep.app */;
			productType = "com.apple.product-type.application";
		};
/* End PBXNativeTarget section */

/* Begin PBXProject section */
		1DB00CB52E52405C003DCB88 /* Project object */ = {
			isa = PBXProject;
			attributes = {
				BuildIndependentTargetsInParallel = 1;
				LastSwiftUpdateCheck = 1640;
				LastUpgradeCheck = 2600;
				TargetAttributes = {
					1DB00CBC2E52405C003DCB88 = {
						CreatedOnToolsVersion = 15.4;
					};
				};
			};
			buildConfigurationList = 1DB00CB82E52405C003DCB88 /* Build configuration list for PBXProject "Mr Sleep" */;
			compatibilityVersion = "Xcode 15.3";
			developmentRegion = en;
			hasScannedForEncodings = 0;
			knownRegions = (
				en,
				Base,
			);
			mainGroup = 1DB00CB42E52405C003DCB88;
			productRefGroup = 1DB00CBE2E52405C003DCB88 /* Products */;
			projectDirPath = "";
			projectRoot = "";
			targets = (
				1DB00CBC2E52405C003DCB88 /* Mr Sleep */,
			);
		};
/* End PBXProject section */

/* Begin PBXResourcesBuildPhase section */
		1DB00CBB2E52405C003DCB88 /* Resources */ = {
			isa = PBXResourcesBuildPhase;
			buildActionMask = 2147483647;
			files = (
				1DB00CC82E52405D003DCB88 /* Preview Assets.xcassets in Resources */,
				1DB00CC52E52405D003DCB88 /* Assets.xcassets in Resources */,
				1DB00CD02E5240C0003DCB88 /* LaunchScreen.storyboard in Resources */,
				1D66484A2E6EE21E00FE86CA /* alarm-clock.mp3 in Resources */,
				1D4770CE2E6F7177007AF563 /* smooth-alarm-clock.mp3 in Resources */,
				1D4770CF2E6F7177007AF563 /* morning-alarm-clock.mp3 in Resources */,
			);
			runOnlyForDeploymentPostprocessing = 0;
		};
/* End PBXResourcesBuildPhase section */

/* Begin PBXSourcesBuildPhase section */
		1DB00CB92E52405C003DCB88 /* Sources */ = {
			isa = PBXSourcesBuildPhase;
			buildActionMask = 2147483647;
			files = (
				1DB00CCF2E5240B8003DCB88 /* SleepCalculator.swift in Sources */,
				1DB00CC12E52405C003DCB88 /* Mr_SleepApp.swift in Sources */,
				1DB00CD82E5240B8003DCB88 /* SleepGuideView.swift in Sources */,
				1DB00CDA2E5240B8003DCB88 /* WakeUpTimeButton.swift in Sources */,
				1DB7779A2E81270A0037CCB2 /* ItsukiAlarmManager.swift in Sources */,
				1D91A0692E855B4200D3450D /* SingleAlarmView.swift in Sources */,
				5091122421F540F9B1EDC73A9B22E4BE /* WelcomeBackView.swift in Sources */,
				1D32C2012E86BC58004855D7 /* AlarmKitViewModel.swift in Sources */,
				1DB7779B2E81270A0037CCB2 /* AlarmKitIntents.swift in Sources */,
				1DB7779C2E81270A0037CCB2 /* AlarmKitMetadata.swift in Sources */,
				1DB7779D2E81270A0037CCB2 /* AlarmKitForm.swift in Sources */,
				1DB7779E2E81270A0037CCB2 /* ItsukiAlarm.swift in Sources */,
			);
			runOnlyForDeploymentPostprocessing = 0;
		};
/* End PBXSourcesBuildPhase section */

/* Begin XCBuildConfiguration section */
		1DB00CC92E52405D003DCB88 /* Debug */ = {
			isa = XCBuildConfiguration;
			buildSettings = {
				ALWAYS_SEARCH_USER_PATHS = NO;
				ASSETCATALOG_COMPILER_APPICON_NAME = "";
				ASSETCATALOG_COMPILER_GENERATE_SWIFT_ASSET_SYMBOL_EXTENSIONS = YES;
				CLANG_ANALYZER_NONNULL = YES;
				CLANG_ANALYZER_NUMBER_OBJECT_CONVERSION = YES_AGGRESSIVE;
				CLANG_CXX_LANGUAGE_STANDARD = "gnu++20";
				CLANG_ENABLE_MODULES = YES;
				CLANG_ENABLE_OBJC_ARC = YES;
				CLANG_ENABLE_OBJC_WEAK = YES;
				CLANG_WARN_BLOCK_CAPTURE_AUTORELEASING = YES;
				CLANG_WARN_BOOL_CONVERSION = YES;
				CLANG_WARN_COMMA = YES;
				CLANG_WARN_CONSTANT_CONVERSION = YES;
				CLANG_WARN_DEPRECATED_OBJC_IMPLEMENTATIONS = YES;
				CLANG_WARN_DIRECT_OBJC_ISA_USAGE = YES_ERROR;
				CLANG_WARN_DOCUMENTATION_COMMENTS = YES;
				CLANG_WARN_EMPTY_BODY = YES;
				CLANG_WARN_ENUM_CONVERSION = YES;
				CLANG_WARN_INFINITE_RECURSION = YES;
				CLANG_WARN_INT_CONVERSION = YES;
				CLANG_WARN_NON_LITERAL_NULL_CONVERSION = YES;
				CLANG_WARN_OBJC_IMPLICIT_RETAIN_SELF = YES;
				CLANG_WARN_OBJC_LITERAL_CONVERSION = YES;
				CLANG_WARN_OBJC_ROOT_CLASS = YES_ERROR;
				CLANG_WARN_QUOTED_INCLUDE_IN_FRAMEWORK_HEADER = YES;
				CLANG_WARN_RANGE_LOOP_ANALYSIS = YES;
				CLANG_WARN_STRICT_PROTOTYPES = YES;
				CLANG_WARN_SUSPICIOUS_MOVE = YES;
				CLANG_WARN_UNGUARDED_AVAILABILITY = YES_AGGRESSIVE;
				CLANG_WARN_UNREACHABLE_CODE = YES;
				CLANG_WARN__DUPLICATE_METHOD_MATCH = YES;
				COPY_PHASE_STRIP = NO;
				DEBUG_INFORMATION_FORMAT = dwarf;
				DEVELOPMENT_TEAM = RA3XCM4Q3M;
				ENABLE_STRICT_OBJC_MSGSEND = YES;
				ENABLE_TESTABILITY = YES;
				ENABLE_USER_SCRIPT_SANDBOXING = YES;
				GCC_C_LANGUAGE_STANDARD = gnu17;
				GCC_DYNAMIC_NO_PIC = NO;
				GCC_NO_COMMON_BLOCKS = YES;
				GCC_OPTIMIZATION_LEVEL = 0;
				GCC_PREPROCESSOR_DEFINITIONS = (
					"DEBUG=1",
					"$(inherited)",
				);
				GCC_WARN_64_TO_32_BIT_CONVERSION = YES;
				GCC_WARN_ABOUT_RETURN_TYPE = YES_ERROR;
				GCC_WARN_UNDECLARED_SELECTOR = YES;
				GCC_WARN_UNINITIALIZED_AUTOS = YES_AGGRESSIVE;
				GCC_WARN_UNUSED_FUNCTION = YES;
				GCC_WARN_UNUSED_VARIABLE = YES;
				INFOPLIST_KEY_NSAlarmKitUsageDescription = "This app uses alarms to wake you up at optimal times based on your sleep cycles.";
				IPHONEOS_DEPLOYMENT_TARGET = 26.0;
				LOCALIZATION_PREFERS_STRING_CATALOGS = YES;
				MTL_ENABLE_DEBUG_INFO = INCLUDE_SOURCE;
				MTL_FAST_MATH = YES;
				ONLY_ACTIVE_ARCH = YES;
				SDKROOT = iphoneos;
				STRING_CATALOG_GENERATE_SYMBOLS = YES;
				SWIFT_ACTIVE_COMPILATION_CONDITIONS = "DEBUG $(inherited)";
				SWIFT_OPTIMIZATION_LEVEL = "-Onone";
			};
			name = Debug;
		};
		1DB00CCA2E52405D003DCB88 /* Release */ = {
			isa = XCBuildConfiguration;
			buildSettings = {
				ALWAYS_SEARCH_USER_PATHS = NO;
				ASSETCATALOG_COMPILER_APPICON_NAME = "";
				ASSETCATALOG_COMPILER_GENERATE_SWIFT_ASSET_SYMBOL_EXTENSIONS = YES;
				CLANG_ANALYZER_NONNULL = YES;
				CLANG_ANALYZER_NUMBER_OBJECT_CONVERSION = YES_AGGRESSIVE;
				CLANG_CXX_LANGUAGE_STANDARD = "gnu++20";
				CLANG_ENABLE_MODULES = YES;
				CLANG_ENABLE_OBJC_ARC = YES;
				CLANG_ENABLE_OBJC_WEAK = YES;
				CLANG_WARN_BLOCK_CAPTURE_AUTORELEASING = YES;
				CLANG_WARN_BOOL_CONVERSION = YES;
				CLANG_WARN_COMMA = YES;
				CLANG_WARN_CONSTANT_CONVERSION = YES;
				CLANG_WARN_DEPRECATED_OBJC_IMPLEMENTATIONS = YES;
				CLANG_WARN_DIRECT_OBJC_ISA_USAGE = YES_ERROR;
				CLANG_WARN_DOCUMENTATION_COMMENTS = YES;
				CLANG_WARN_EMPTY_BODY = YES;
				CLANG_WARN_ENUM_CONVERSION = YES;
				CLANG_WARN_INFINITE_RECURSION = YES;
				CLANG_WARN_INT_CONVERSION = YES;
				CLANG_WARN_NON_LITERAL_NULL_CONVERSION = YES;
				CLANG_WARN_OBJC_IMPLICIT_RETAIN_SELF = YES;
				CLANG_WARN_OBJC_LITERAL_CONVERSION = YES;
				CLANG_WARN_OBJC_ROOT_CLASS = YES_ERROR;
				CLANG_WARN_QUOTED_INCLUDE_IN_FRAMEWORK_HEADER = YES;
				CLANG_WARN_RANGE_LOOP_ANALYSIS = YES;
				CLANG_WARN_STRICT_PROTOTYPES = YES;
				CLANG_WARN_SUSPICIOUS_MOVE = YES;
				CLANG_WARN_UNGUARDED_AVAILABILITY = YES_AGGRESSIVE;
				CLANG_WARN_UNREACHABLE_CODE = YES;
				CLANG_WARN__DUPLICATE_METHOD_MATCH = YES;
				COPY_PHASE_STRIP = NO;
				DEBUG_INFORMATION_FORMAT = "dwarf-with-dsym";
				DEVELOPMENT_TEAM = RA3XCM4Q3M;
				ENABLE_NS_ASSERTIONS = NO;
				ENABLE_STRICT_OBJC_MSGSEND = YES;
				ENABLE_USER_SCRIPT_SANDBOXING = YES;
				GCC_C_LANGUAGE_STANDARD = gnu17;
				GCC_NO_COMMON_BLOCKS = YES;
				GCC_WARN_64_TO_32_BIT_CONVERSION = YES;
				GCC_WARN_ABOUT_RETURN_TYPE = YES_ERROR;
				GCC_WARN_UNDECLARED_SELECTOR = YES;
				GCC_WARN_UNINITIALIZED_AUTOS = YES_AGGRESSIVE;
				GCC_WARN_UNUSED_FUNCTION = YES;
				GCC_WARN_UNUSED_VARIABLE = YES;
				INFOPLIST_KEY_NSAlarmKitUsageDescription = "This app uses alarms to wake you up at optimal times based on your sleep cycles.";
				IPHONEOS_DEPLOYMENT_TARGET = 26.0;
				LOCALIZATION_PREFERS_STRING_CATALOGS = YES;
				MTL_ENABLE_DEBUG_INFO = NO;
				MTL_FAST_MATH = YES;
				SDKROOT = iphoneos;
				STRING_CATALOG_GENERATE_SYMBOLS = YES;
				SWIFT_COMPILATION_MODE = wholemodule;
				VALIDATE_PRODUCT = YES;
			};
			name = Release;
		};
		1DB00CCC2E52405D003DCB88 /* Debug */ = {
			isa = XCBuildConfiguration;
			buildSettings = {
				ASSETCATALOG_COMPILER_APPICON_NAME = AppIcon2;
				ASSETCATALOG_COMPILER_GLOBAL_ACCENT_COLOR_NAME = AccentColor;
				ASSETCATALOG_COMPILER_INCLUDE_ALL_APPICON_ASSETS = YES;
				CODE_SIGN_ENTITLEMENTS = "Mr Sleep/Supporting Files/Mr Sleep.entitlements";
				CODE_SIGN_STYLE = Automatic;
				CURRENT_PROJECT_VERSION = 6;
				DEVELOPMENT_ASSET_PATHS = "\"Mr Sleep/Preview Content\"";
				ENABLE_PREVIEWS = YES;
				GENERATE_INFOPLIST_FILE = NO;
				INFOPLIST_FILE = "Mr Sleep/Supporting Files/Info.plist";
				INFOPLIST_KEY_NSAlarmKitUsageDescription = "This app uses alarms to wake you up at optimal times based on your sleep cycles.";
				INFOPLIST_KEY_UIApplicationSceneManifest_Generation = YES;
				INFOPLIST_KEY_UIApplicationSupportsIndirectInputEvents = YES;
				INFOPLIST_KEY_UILaunchStoryboardName = LaunchScreen;
				INFOPLIST_KEY_UISupportedInterfaceOrientations = UIInterfaceOrientationPortrait;
				INFOPLIST_KEY_UISupportedInterfaceOrientations_iPad = "UIInterfaceOrientationLandscapeLeft UIInterfaceOrientationLandscapeRight UIInterfaceOrientationPortrait UIInterfaceOrientationPortraitUpsideDown";
				IPHONEOS_DEPLOYMENT_TARGET = 26.0;
				LD_RUNPATH_SEARCH_PATHS = (
					"$(inherited)",
					"@executable_path/Frameworks",
				);
				MARKETING_VERSION = 5.1;
				PRODUCT_BUNDLE_IDENTIFIER = "com.magdoub.Mr-Sleeper";
				PRODUCT_NAME = "$(TARGET_NAME)";
				SUPPORTED_PLATFORMS = "iphoneos iphonesimulator";
				SUPPORTS_MACCATALYST = NO;
				SUPPORTS_MAC_DESIGNED_FOR_IPHONE_IPAD = NO;
				SUPPORTS_XR_DESIGNED_FOR_IPHONE_IPAD = NO;
				SWIFT_EMIT_LOC_STRINGS = YES;
				SWIFT_VERSION = 5.0;
				TARGETED_DEVICE_FAMILY = 1;
			};
			name = Debug;
		};
		1DB00CCD2E52405D003DCB88 /* Release */ = {
			isa = XCBuildConfiguration;
			buildSettings = {
				ASSETCATALOG_COMPILER_APPICON_NAME = AppIcon2;
				ASSETCATALOG_COMPILER_GLOBAL_ACCENT_COLOR_NAME = AccentColor;
				ASSETCATALOG_COMPILER_INCLUDE_ALL_APPICON_ASSETS = YES;
				CODE_SIGN_ENTITLEMENTS = "Mr Sleep/Supporting Files/Mr Sleep.entitlements";
				CODE_SIGN_STYLE = Automatic;
				CURRENT_PROJECT_VERSION = 6;
				DEVELOPMENT_ASSET_PATHS = "\"Mr Sleep/Preview Content\"";
				ENABLE_PREVIEWS = YES;
				GENERATE_INFOPLIST_FILE = NO;
				INFOPLIST_FILE = "Mr Sleep/Supporting Files/Info.plist";
				INFOPLIST_KEY_NSAlarmKitUsageDescription = "This app uses alarms to wake you up at optimal times based on your sleep cycles.";
				INFOPLIST_KEY_UIApplicationSceneManifest_Generation = YES;
				INFOPLIST_KEY_UIApplicationSupportsIndirectInputEvents = YES;
				INFOPLIST_KEY_UILaunchStoryboardName = LaunchScreen;
				INFOPLIST_KEY_UISupportedInterfaceOrientations = UIInterfaceOrientationPortrait;
				INFOPLIST_KEY_UISupportedInterfaceOrientations_iPad = "UIInterfaceOrientationLandscapeLeft UIInterfaceOrientationLandscapeRight UIInterfaceOrientationPortrait UIInterfaceOrientationPortraitUpsideDown";
				IPHONEOS_DEPLOYMENT_TARGET = 26.0;
				LD_RUNPATH_SEARCH_PATHS = (
					"$(inherited)",
					"@executable_path/Frameworks",
				);
				MARKETING_VERSION = 5.1;
				PRODUCT_BUNDLE_IDENTIFIER = "com.magdoub.Mr-Sleeper";
				PRODUCT_NAME = "$(TARGET_NAME)";
				SUPPORTED_PLATFORMS = "iphoneos iphonesimulator";
				SUPPORTS_MACCATALYST = NO;
				SUPPORTS_MAC_DESIGNED_FOR_IPHONE_IPAD = NO;
				SUPPORTS_XR_DESIGNED_FOR_IPHONE_IPAD = NO;
				SWIFT_EMIT_LOC_STRINGS = YES;
				SWIFT_VERSION = 5.0;
				TARGETED_DEVICE_FAMILY = 1;
			};
			name = Release;
		};
/* End XCBuildConfiguration section */

/* Begin XCConfigurationList section */
		1DB00CB82E52405C003DCB88 /* Build configuration list for PBXProject "Mr Sleep" */ = {
			isa = XCConfigurationList;
			buildConfigurations = (
				1DB00CC92E52405D003DCB88 /* Debug */,
				1DB00CCA2E52405D003DCB88 /* Release */,
			);
			defaultConfigurationIsVisible = 0;
			defaultConfigurationName = Release;
		};
		1DB00CCB2E52405D003DCB88 /* Build configuration list for PBXNativeTarget "Mr Sleep" */ = {
			isa = XCConfigurationList;
			buildConfigurations = (
				1DB00CCC2E52405D003DCB88 /* Debug */,
				1DB00CCD2E52405D003DCB88 /* Release */,
			);
			defaultConfigurationIsVisible = 0;
			defaultConfigurationName = Release;
		};
/* End XCConfigurationList section */
	};
	rootObject = 1DB00CB52E52405C003DCB88 /* Project object */;
}
